
Microsoft Visual Studio Solution File, Format Version 12.00
# Visual Studio Version 16
VisualStudioVersion = 16.0.28803.352
MinimumVisualStudioVersion = 10.0.40219.1
Project("{FAE04EC0-301F-11D3-BF4B-00C04F79EFBC}") = "RecipeBook", "RecipeBook\RecipeBook.csproj", "{78A1BA40-C264-4BD1-BA4D-1C44A1030531}"
EndProject
Global
	GlobalSection(SolutionConfigurationPlatforms) = preSolution
		Debug|Any CPU = Debug|Any CPU
		Release|Any CPU = Release|Any CPU
	EndGlobalSection
	GlobalSection(ProjectConfigurationPlatforms) = postSolution
		{78A1BA40-C264-4BD1-BA4D-1C44A1030531}.Debug|Any CPU.ActiveCfg = Debug|Any CPU
		{78A1BA40-C264-4BD1-BA4D-1C44A1030531}.Debug|Any CPU.Build.0 = Debug|Any CPU
		{78A1BA40-C264-4BD1-BA4D-1C44A1030531}.Release|Any CPU.ActiveCfg = Release|Any CPU
		{78A1BA40-C264-4BD1-BA4D-1C44A1030531}.Release|Any CPU.Build.0 = Release|Any CPU
	EndGlobalSection
	GlobalSection(SolutionProperties) = preSolution
		HideSolutionNode = FALSE
	EndGlobalSection
	GlobalSection(ExtensibilityGlobals) = postSolution
		SolutionGuid = {0C3F558A-3183-438F-84F1-1A1F7ED55037}
	EndGlobalSection
EndGlobal
